
Microsoft Visual Studio Solution File, Format Version 12.00
# Visual Studio Version 16
VisualStudioVersion = 16.0.30611.23
MinimumVisualStudioVersion = 10.0.40219.1
Project("{FAE04EC0-301F-11D3-BF4B-00C04F79EFBC}") = "Targil0", "Targil0\Targil0.csproj", "{69DF9866-EDC2-48AF-B390-F931E09F044F}"
EndProject
Project("{FAE04EC0-301F-11D3-BF4B-00C04F79EFBC}") = "Targil1 Lev I", "Targil1\Targil1 Lev I.csproj", "{BF803060-5A8D-4537-9F41-3D831D5E0CB4}"
EndProject
Project("{FAE04EC0-301F-11D3-BF4B-00C04F79EFBC}") = "Targil01_Mivchar", "Targil01_Mivchar\Targil01_Mivchar.csproj", "{83877016-4369-417A-A1A5-9E8672516DE5}"
EndProject
Project("{FAE04EC0-301F-11D3-BF4B-00C04F79EFBC}") = "Targil1Lev", "Targil1Lev\Targil1Lev.csproj", "{4DAAFD42-B9DE-492F-AC20-0B795175499E}"
EndProject
Project("{FAE04EC0-301F-11D3-BF4B-00C04F79EFBC}") = "Targil1_Tal", "Targil1_Tal\Targil1_Tal.csproj", "{FCEA2BA8-2798-422F-AFA0-4F674E12F6AD}"
EndProject
Project("{FAE04EC0-301F-11D3-BF4B-00C04F79EFBC}") = "Targil 2 Lev I", "Targil 2 Lev I\Targil 2 Lev I.csproj", "{B35A5641-8B34-4345-ABCC-B84701F4890A}"
EndProject
Project("{FAE04EC0-301F-11D3-BF4B-00C04F79EFBC}") = "Targil 2 Lev II", "Targil 2 Lev II\Targil 2 Lev II.csproj", "{93A54159-D501-4A49-8A9E-2A969DA63A18}"
EndProject
Global
	GlobalSection(SolutionConfigurationPlatforms) = preSolution
		Debug|Any CPU = Debug|Any CPU
		Release|Any CPU = Release|Any CPU
	EndGlobalSection
	GlobalSection(ProjectConfigurationPlatforms) = postSolution
		{69DF9866-EDC2-48AF-B390-F931E09F044F}.Debug|Any CPU.ActiveCfg = Debug|Any CPU
		{69DF9866-EDC2-48AF-B390-F931E09F044F}.Debug|Any CPU.Build.0 = Debug|Any CPU
		{69DF9866-EDC2-48AF-B390-F931E09F044F}.Release|Any CPU.ActiveCfg = Release|Any CPU
		{69DF9866-EDC2-48AF-B390-F931E09F044F}.Release|Any CPU.Build.0 = Release|Any CPU
		{BF803060-5A8D-4537-9F41-3D831D5E0CB4}.Debug|Any CPU.ActiveCfg = Debug|Any CPU
		{BF803060-5A8D-4537-9F41-3D831D5E0CB4}.Debug|Any CPU.Build.0 = Debug|Any CPU
		{BF803060-5A8D-4537-9F41-3D831D5E0CB4}.Release|Any CPU.ActiveCfg = Release|Any CPU
		{BF803060-5A8D-4537-9F41-3D831D5E0CB4}.Release|Any CPU.Build.0 = Release|Any CPU
		{83877016-4369-417A-A1A5-9E8672516DE5}.Debug|Any CPU.ActiveCfg = Debug|Any CPU
		{83877016-4369-417A-A1A5-9E8672516DE5}.Debug|Any CPU.Build.0 = Debug|Any CPU
		{83877016-4369-417A-A1A5-9E8672516DE5}.Release|Any CPU.ActiveCfg = Release|Any CPU
		{83877016-4369-417A-A1A5-9E8672516DE5}.Release|Any CPU.Build.0 = Release|Any CPU
		{4DAAFD42-B9DE-492F-AC20-0B795175499E}.Debug|Any CPU.ActiveCfg = Debug|Any CPU
		{4DAAFD42-B9DE-492F-AC20-0B795175499E}.Debug|Any CPU.Build.0 = Debug|Any CPU
		{4DAAFD42-B9DE-492F-AC20-0B795175499E}.Release|Any CPU.ActiveCfg = Release|Any CPU
		{4DAAFD42-B9DE-492F-AC20-0B795175499E}.Release|Any CPU.Build.0 = Release|Any CPU
		{FCEA2BA8-2798-422F-AFA0-4F674E12F6AD}.Debug|Any CPU.ActiveCfg = Debug|Any CPU
		{FCEA2BA8-2798-422F-AFA0-4F674E12F6AD}.Debug|Any CPU.Build.0 = Debug|Any CPU
		{FCEA2BA8-2798-422F-AFA0-4F674E12F6AD}.Release|Any CPU.ActiveCfg = Release|Any CPU
		{FCEA2BA8-2798-422F-AFA0-4F674E12F6AD}.Release|Any CPU.Build.0 = Release|Any CPU
		{B35A5641-8B34-4345-ABCC-B84701F4890A}.Debug|Any CPU.ActiveCfg = Debug|Any CPU
		{B35A5641-8B34-4345-ABCC-B84701F4890A}.Debug|Any CPU.Build.0 = Debug|Any CPU
		{B35A5641-8B34-4345-ABCC-B84701F4890A}.Release|Any CPU.ActiveCfg = Release|Any CPU
		{B35A5641-8B34-4345-ABCC-B84701F4890A}.Release|Any CPU.Build.0 = Release|Any CPU
		{93A54159-D501-4A49-8A9E-2A969DA63A18}.Debug|Any CPU.ActiveCfg = Debug|Any CPU
		{93A54159-D501-4A49-8A9E-2A969DA63A18}.Debug|Any CPU.Build.0 = Debug|Any CPU
		{93A54159-D501-4A49-8A9E-2A969DA63A18}.Release|Any CPU.ActiveCfg = Release|Any CPU
		{93A54159-D501-4A49-8A9E-2A969DA63A18}.Release|Any CPU.Build.0 = Release|Any CPU
	EndGlobalSection
	GlobalSection(SolutionProperties) = preSolution
		HideSolutionNode = FALSE
	EndGlobalSection
	GlobalSection(ExtensibilityGlobals) = postSolution
		SolutionGuid = {51DF245D-FAFF-479D-9D60-ECEBD49AB202}
	EndGlobalSection
EndGlobal
