
Microsoft Visual Studio Solution File, Format Version 12.00
# Visual Studio Version 16
VisualStudioVersion = 16.0.30611.23
MinimumVisualStudioVersion = 10.0.40219.1
Project("{2150E333-8FDC-42A3-9474-1A3956D46DE8}") = "Targil 0", "Targil 0", "{F20EB86B-C4F4-47A5-8DA4-7E056917F170}"
EndProject
Project("{2150E333-8FDC-42A3-9474-1A3956D46DE8}") = "Targil 1", "Targil 1", "{D6CC6C1F-26EA-4EA5-8F24-E711A2DF5B8E}"
EndProject
Project("{2150E333-8FDC-42A3-9474-1A3956D46DE8}") = "Targil 2", "Targil 2", "{65F4CFEC-129D-4D37-A7C3-88D328642FBC}"
EndProject
Project("{FAE04EC0-301F-11D3-BF4B-00C04F79EFBC}") = "Targil0 Lev", "Targil 0\Targil0 Lev\Targil0 Lev.csproj", "{69DF9866-EDC2-48AF-B390-F931E09F044F}"
EndProject
Project("{FAE04EC0-301F-11D3-BF4B-00C04F79EFBC}") = "Targil01_Mivchar", "Targil 0\Targil01_Mivchar\Targil01_Mivchar.csproj", "{83877016-4369-417A-A1A5-9E8672516DE5}"
EndProject
Project("{FAE04EC0-301F-11D3-BF4B-00C04F79EFBC}") = "Targil1 Lev I", "Targil 1\Targil1 Lev I\Targil1 Lev I.csproj", "{4DAAFD42-B9DE-492F-AC20-0B795175499E}"
EndProject
Project("{FAE04EC0-301F-11D3-BF4B-00C04F79EFBC}") = "Targil1 Lev II", "Targil 1\Targil1 Lev II\Targil1 Lev II.csproj", "{BF803060-5A8D-4537-9F41-3D831D5E0CB4}"
EndProject
Project("{FAE04EC0-301F-11D3-BF4B-00C04F79EFBC}") = "Targil1_Tal", "Targil 1\Targil1_Tal\Targil1_Tal.csproj", "{FCEA2BA8-2798-422F-AFA0-4F674E12F6AD}"
EndProject
Project("{FAE04EC0-301F-11D3-BF4B-00C04F79EFBC}") = "Targil 2 Lev I", "Targil 2\Targil 2 Lev I\Targil 2 Lev I.csproj", "{B35A5641-8B34-4345-ABCC-B84701F4890A}"
EndProject
Project("{FAE04EC0-301F-11D3-BF4B-00C04F79EFBC}") = "Targil 2 Lev II", "Targil 2\Targil 2 Lev II\Targil 2 Lev II.csproj", "{93A54159-D501-4A49-8A9E-2A969DA63A18}"
EndProject
Project("{FAE04EC0-301F-11D3-BF4B-00C04F79EFBC}") = "Targil02_Tal_DotNetLab", "Targil 2\Targil02_Tal_DotNetLab\Targil02_Tal_DotNetLab.csproj", "{1F53A34B-E11A-4384-AF93-64E1C86CAF21}"
EndProject
Project("{FAE04EC0-301F-11D3-BF4B-00C04F79EFBC}") = "Targil02_Mivchar", "Targil 2\Targil02_Mivchar\Targil02_Mivchar.csproj", "{64D3F831-9AC1-439F-B575-58E196D2BACA}"
EndProject
Global
	GlobalSection(SolutionConfigurationPlatforms) = preSolution
		Debug|Any CPU = Debug|Any CPU
		Release|Any CPU = Release|Any CPU
	EndGlobalSection
	GlobalSection(ProjectConfigurationPlatforms) = postSolution
		{69DF9866-EDC2-48AF-B390-F931E09F044F}.Debug|Any CPU.ActiveCfg = Debug|Any CPU
		{69DF9866-EDC2-48AF-B390-F931E09F044F}.Debug|Any CPU.Build.0 = Debug|Any CPU
		{69DF9866-EDC2-48AF-B390-F931E09F044F}.Release|Any CPU.ActiveCfg = Release|Any CPU
		{69DF9866-EDC2-48AF-B390-F931E09F044F}.Release|Any CPU.Build.0 = Release|Any CPU
		{83877016-4369-417A-A1A5-9E8672516DE5}.Debug|Any CPU.ActiveCfg = Debug|Any CPU
		{83877016-4369-417A-A1A5-9E8672516DE5}.Debug|Any CPU.Build.0 = Debug|Any CPU
		{83877016-4369-417A-A1A5-9E8672516DE5}.Release|Any CPU.ActiveCfg = Release|Any CPU
		{83877016-4369-417A-A1A5-9E8672516DE5}.Release|Any CPU.Build.0 = Release|Any CPU
		{4DAAFD42-B9DE-492F-AC20-0B795175499E}.Debug|Any CPU.ActiveCfg = Debug|Any CPU
		{4DAAFD42-B9DE-492F-AC20-0B795175499E}.Debug|Any CPU.Build.0 = Debug|Any CPU
		{4DAAFD42-B9DE-492F-AC20-0B795175499E}.Release|Any CPU.ActiveCfg = Release|Any CPU
		{4DAAFD42-B9DE-492F-AC20-0B795175499E}.Release|Any CPU.Build.0 = Release|Any CPU
		{BF803060-5A8D-4537-9F41-3D831D5E0CB4}.Debug|Any CPU.ActiveCfg = Debug|Any CPU
		{BF803060-5A8D-4537-9F41-3D831D5E0CB4}.Debug|Any CPU.Build.0 = Debug|Any CPU
		{BF803060-5A8D-4537-9F41-3D831D5E0CB4}.Release|Any CPU.ActiveCfg = Release|Any CPU
		{BF803060-5A8D-4537-9F41-3D831D5E0CB4}.Release|Any CPU.Build.0 = Release|Any CPU
		{FCEA2BA8-2798-422F-AFA0-4F674E12F6AD}.Debug|Any CPU.ActiveCfg = Debug|Any CPU
		{FCEA2BA8-2798-422F-AFA0-4F674E12F6AD}.Debug|Any CPU.Build.0 = Debug|Any CPU
		{FCEA2BA8-2798-422F-AFA0-4F674E12F6AD}.Release|Any CPU.ActiveCfg = Release|Any CPU
		{FCEA2BA8-2798-422F-AFA0-4F674E12F6AD}.Release|Any CPU.Build.0 = Release|Any CPU
		{B35A5641-8B34-4345-ABCC-B84701F4890A}.Debug|Any CPU.ActiveCfg = Debug|Any CPU
		{B35A5641-8B34-4345-ABCC-B84701F4890A}.Debug|Any CPU.Build.0 = Debug|Any CPU
		{B35A5641-8B34-4345-ABCC-B84701F4890A}.Release|Any CPU.ActiveCfg = Release|Any CPU
		{B35A5641-8B34-4345-ABCC-B84701F4890A}.Release|Any CPU.Build.0 = Release|Any CPU
		{93A54159-D501-4A49-8A9E-2A969DA63A18}.Debug|Any CPU.ActiveCfg = Debug|Any CPU
		{93A54159-D501-4A49-8A9E-2A969DA63A18}.Debug|Any CPU.Build.0 = Debug|Any CPU
		{93A54159-D501-4A49-8A9E-2A969DA63A18}.Release|Any CPU.ActiveCfg = Release|Any CPU
		{93A54159-D501-4A49-8A9E-2A969DA63A18}.Release|Any CPU.Build.0 = Release|Any CPU
		{1F53A34B-E11A-4384-AF93-64E1C86CAF21}.Debug|Any CPU.ActiveCfg = Debug|Any CPU
		{1F53A34B-E11A-4384-AF93-64E1C86CAF21}.Debug|Any CPU.Build.0 = Debug|Any CPU
		{1F53A34B-E11A-4384-AF93-64E1C86CAF21}.Release|Any CPU.ActiveCfg = Release|Any CPU
		{1F53A34B-E11A-4384-AF93-64E1C86CAF21}.Release|Any CPU.Build.0 = Release|Any CPU
		{64D3F831-9AC1-439F-B575-58E196D2BACA}.Debug|Any CPU.ActiveCfg = Debug|Any CPU
		{64D3F831-9AC1-439F-B575-58E196D2BACA}.Debug|Any CPU.Build.0 = Debug|Any CPU
		{64D3F831-9AC1-439F-B575-58E196D2BACA}.Release|Any CPU.ActiveCfg = Release|Any CPU
		{64D3F831-9AC1-439F-B575-58E196D2BACA}.Release|Any CPU.Build.0 = Release|Any CPU
	EndGlobalSection
	GlobalSection(SolutionProperties) = preSolution
		HideSolutionNode = FALSE
	EndGlobalSection
	GlobalSection(NestedProjects) = preSolution
		{69DF9866-EDC2-48AF-B390-F931E09F044F} = {F20EB86B-C4F4-47A5-8DA4-7E056917F170}
		{83877016-4369-417A-A1A5-9E8672516DE5} = {F20EB86B-C4F4-47A5-8DA4-7E056917F170}
		{4DAAFD42-B9DE-492F-AC20-0B795175499E} = {D6CC6C1F-26EA-4EA5-8F24-E711A2DF5B8E}
		{BF803060-5A8D-4537-9F41-3D831D5E0CB4} = {D6CC6C1F-26EA-4EA5-8F24-E711A2DF5B8E}
		{FCEA2BA8-2798-422F-AFA0-4F674E12F6AD} = {D6CC6C1F-26EA-4EA5-8F24-E711A2DF5B8E}
		{B35A5641-8B34-4345-ABCC-B84701F4890A} = {65F4CFEC-129D-4D37-A7C3-88D328642FBC}
		{93A54159-D501-4A49-8A9E-2A969DA63A18} = {65F4CFEC-129D-4D37-A7C3-88D328642FBC}
		{1F53A34B-E11A-4384-AF93-64E1C86CAF21} = {65F4CFEC-129D-4D37-A7C3-88D328642FBC}
		{64D3F831-9AC1-439F-B575-58E196D2BACA} = {65F4CFEC-129D-4D37-A7C3-88D328642FBC}
	EndGlobalSection
	GlobalSection(ExtensibilityGlobals) = postSolution
		SolutionGuid = {51DF245D-FAFF-479D-9D60-ECEBD49AB202}
	EndGlobalSection
EndGlobal
